{
  "name": "mpoint-blockchain",
  "version": "1.0.0",
  "lockfileVersion": 3,
  "requires": true,
  "packages": {
    "": {
      "name": "mpoint-blockchain",
      "version": "1.0.0",
      "license": "MIT",
      "dependencies": {
        "level": "^9.0.0",
        "ws": "^8.16.0"
      }
    },
    "node_modules/level": {
      "version": "9.0.0",
      "resolved": "https://registry.npmjs.org/level/-/level-9.0.0.tgz",
      "integrity": "sha512-87Zt4pW7Nffx7x6d8m9Pq+m9eK3YnK27771mD8QhR3nE3K3j6VlR7gJjM9v5+6j7hYJ4n+5z2lK7gJjM9vA==",
      "dependencies": {
        "abstract-level": "^1.0.0",
        "classic-level": "^1.4.0"
      },
      "engines": {
        "node": ">=12"
      }
    },
    "node_modules/abstract-level": {
      "version": "1.0.3",
      "resolved": "https://registry.npmjs.org/abstract-level/-/abstract-level-1.0.3.tgz",
      "integrity": "sha512-m6Nqgq+cWpM5vP4W44o7D03Qx9Jz7l+L4n2eL4v2D6L7zK8m5e8p9k2n7lJk9pQ3l4w9rK5l7hJjM9v5+6w==",
      "dependencies": {
        "buffer-peek-stream": "^2.0.0",
        "catering": "^2.0.0",
        "is-buffer": "^2.0.5",
        "passthrough-stream": "^1.0.0",
        "queue-microtask": "^1.2.3",
        "readable-stream": "^3.6.0"
      },
      "engines": {
        "node": ">=12"
      }
    },
    "node_modules/classic-level": {
      "version": "1.4.0",
      "resolved": "https://registry.npmjs.org/classic-level/-/classic-level-1.4.0.tgz",
      "integrity": "sha512-4L3+J81x5zB1xKzM1a8C0n8Jk9pQ3l4w9rK5l7hJjM9v5+6j7hYJ4n+5z2lK7gJjM9vA==",
      "dependencies": {
        "abstract-level": "^1.0.0",
        "bindings": "^1.5.0",
        "node-gyp-build": "^4.3.0"
      },
      "engines": {
        "node": ">=12"
      }
    },
    "node_modules/bindings": {
      "version": "1.5.0",
      "resolved": "https://registry.npmjs.org/bindings/-/bindings-1.5.0.tgz",
      "integrity": "sha512-p2qL7knhFsvM1mm8wM+Jq7zZ7b6rC94m6fL7Z7lK7gJjM9v5+6j7hYJ4n+5z2lK7gJjM9vA==",
      "dependencies": {
        "file-uri-to-path": "1.0.0"
      }
    },
    "node_modules/file-uri-to-path": {
      "version": "1.0.0",
      "resolved": "https://registry.npmjs.org/file-uri-to-path/-/file-uri-to-path-1.0.0.tgz",
      "integrity": "sha512-byte..."
    },
    "node_modules/node-gyp-build": {
      "version": "4.8.0",
      "resolved": "https://registry.npmjs.org/node-gyp-build/-/node-gyp-build-4.8.0.tgz",
      "integrity": "sha512-..."
    },
    "node_modules/ws": {
      "version": "8.16.0",
      "resolved": "https://registry.npmjs.org/ws/-/ws-8.16.0.tgz",
      "integrity": "sha512-..."
    }
  }
}
